
Microsoft Visual Studio Solution File, Format Version 12.00
# Visual Studio Version 17
VisualStudioVersion = 17.12.35527.113
MinimumVisualStudioVersion = 10.0.40219.1
Project("{FAE04EC0-301F-11D3-BF4B-00C04F79EFBC}") = "sayHello.DataAccess", "sayHello.DataAccess\sayHello.DataAccess.csproj", "{A6A79BDC-846D-4C8E-B100-3D06289B5E6C}"
EndProject
Project("{FAE04EC0-301F-11D3-BF4B-00C04F79EFBC}") = "sayHello.Entities", "sayHello.Entities\sayHello.Entities.csproj", "{2F6719EE-DC09-4F69-AD36-78744632365D}"
EndProject
Project("{FAE04EC0-301F-11D3-BF4B-00C04F79EFBC}") = "sayHello.Business", "sayHello.Business\sayHello.Business.csproj", "{9E2178D2-28B0-404F-99AA-A19CF5A6DEF1}"
EndProject
Project("{FAE04EC0-301F-11D3-BF4B-00C04F79EFBC}") = "sayHello.DTOs", "sayHello.DTOs\sayHello.DTOs.csproj", "{7D441D50-530E-44D6-8710-322884B10D77}"
EndProject
Project("{FAE04EC0-301F-11D3-BF4B-00C04F79EFBC}") = "sayHello.Validation", "sayHello.Validation\sayHello.Validation.csproj", "{675B6B8C-EB54-412C-8742-AA8D7E713D93}"
EndProject
Project("{FAE04EC0-301F-11D3-BF4B-00C04F79EFBC}") = "sayHello.Mappers", "sayHello.Mappers\sayHello.Mappers.csproj", "{14F91087-BE2C-4BBB-9405-FBCF5949D866}"
EndProject
Project("{FAE04EC0-301F-11D3-BF4B-00C04F79EFBC}") = "sayHello.api", "sayHello.api\sayHello.api.csproj", "{11CE448C-FA74-4014-9821-62F400E62988}"
EndProject
Global
	GlobalSection(SolutionConfigurationPlatforms) = preSolution
		Debug|Any CPU = Debug|Any CPU
		Release|Any CPU = Release|Any CPU
	EndGlobalSection
	GlobalSection(ProjectConfigurationPlatforms) = postSolution
		{A6A79BDC-846D-4C8E-B100-3D06289B5E6C}.Debug|Any CPU.ActiveCfg = Debug|Any CPU
		{A6A79BDC-846D-4C8E-B100-3D06289B5E6C}.Debug|Any CPU.Build.0 = Debug|Any CPU
		{A6A79BDC-846D-4C8E-B100-3D06289B5E6C}.Release|Any CPU.ActiveCfg = Release|Any CPU
		{A6A79BDC-846D-4C8E-B100-3D06289B5E6C}.Release|Any CPU.Build.0 = Release|Any CPU
		{2F6719EE-DC09-4F69-AD36-78744632365D}.Debug|Any CPU.ActiveCfg = Debug|Any CPU
		{2F6719EE-DC09-4F69-AD36-78744632365D}.Debug|Any CPU.Build.0 = Debug|Any CPU
		{2F6719EE-DC09-4F69-AD36-78744632365D}.Release|Any CPU.ActiveCfg = Release|Any CPU
		{2F6719EE-DC09-4F69-AD36-78744632365D}.Release|Any CPU.Build.0 = Release|Any CPU
		{9E2178D2-28B0-404F-99AA-A19CF5A6DEF1}.Debug|Any CPU.ActiveCfg = Debug|Any CPU
		{9E2178D2-28B0-404F-99AA-A19CF5A6DEF1}.Debug|Any CPU.Build.0 = Debug|Any CPU
		{9E2178D2-28B0-404F-99AA-A19CF5A6DEF1}.Release|Any CPU.ActiveCfg = Release|Any CPU
		{9E2178D2-28B0-404F-99AA-A19CF5A6DEF1}.Release|Any CPU.Build.0 = Release|Any CPU
		{7D441D50-530E-44D6-8710-322884B10D77}.Debug|Any CPU.ActiveCfg = Debug|Any CPU
		{7D441D50-530E-44D6-8710-322884B10D77}.Debug|Any CPU.Build.0 = Debug|Any CPU
		{7D441D50-530E-44D6-8710-322884B10D77}.Release|Any CPU.ActiveCfg = Release|Any CPU
		{7D441D50-530E-44D6-8710-322884B10D77}.Release|Any CPU.Build.0 = Release|Any CPU
		{675B6B8C-EB54-412C-8742-AA8D7E713D93}.Debug|Any CPU.ActiveCfg = Debug|Any CPU
		{675B6B8C-EB54-412C-8742-AA8D7E713D93}.Debug|Any CPU.Build.0 = Debug|Any CPU
		{675B6B8C-EB54-412C-8742-AA8D7E713D93}.Release|Any CPU.ActiveCfg = Release|Any CPU
		{675B6B8C-EB54-412C-8742-AA8D7E713D93}.Release|Any CPU.Build.0 = Release|Any CPU
		{14F91087-BE2C-4BBB-9405-FBCF5949D866}.Debug|Any CPU.ActiveCfg = Debug|Any CPU
		{14F91087-BE2C-4BBB-9405-FBCF5949D866}.Debug|Any CPU.Build.0 = Debug|Any CPU
		{14F91087-BE2C-4BBB-9405-FBCF5949D866}.Release|Any CPU.ActiveCfg = Release|Any CPU
		{14F91087-BE2C-4BBB-9405-FBCF5949D866}.Release|Any CPU.Build.0 = Release|Any CPU
		{11CE448C-FA74-4014-9821-62F400E62988}.Debug|Any CPU.ActiveCfg = Debug|Any CPU
		{11CE448C-FA74-4014-9821-62F400E62988}.Debug|Any CPU.Build.0 = Debug|Any CPU
		{11CE448C-FA74-4014-9821-62F400E62988}.Release|Any CPU.ActiveCfg = Release|Any CPU
		{11CE448C-FA74-4014-9821-62F400E62988}.Release|Any CPU.Build.0 = Release|Any CPU
	EndGlobalSection
	GlobalSection(SolutionProperties) = preSolution
		HideSolutionNode = FALSE
	EndGlobalSection
	GlobalSection(ExtensibilityGlobals) = postSolution
		SolutionGuid = {F42BD8C7-B9B8-48FC-974D-0AAD834A7CD5}
	EndGlobalSection
EndGlobal
